<?xml version="1.0" encoding="utf-8"?>
<Project ToolsVersion="4.0" xmlns="http://schemas.microsoft.com/developer/msbuild/2003">
  <ItemGroup>
    <Filter Include="Source Files">
      <UniqueIdentifier>{4FC737F1-C7A5-4376-A066-2A32D752A2FF}</UniqueIdentifier>
      <Extensions>cpp;c;cc;cxx;c++;cppm;ixx;def;odl;idl;hpj;bat;asm;asmx</Extensions>
    </Filter>
    <Filter Include="Header Files">
      <UniqueIdentifier>{93995380-89BD-4b04-88EB-625FBE52EBFB}</UniqueIdentifier>
      <Extensions>h;hh;hpp;hxx;h++;hm;inl;inc;ipp;xsd</Extensions>
    </Filter>
    <Filter Include="Resource Files">
      <UniqueIdentifier>{67DA6AB6-F800-4c08-8B7A-83BB121AAD01}</UniqueIdentifier>
      <Extensions>rc;ico;cur;bmp;dlg;rc2;rct;bin;rgs;gif;jpg;jpeg;jpe;resx;tiff;tif;png;wav;mfcribbon-ms</Extensions>
    </Filter>
    <Filter Include="Header Files\common">
      <UniqueIdentifier>{631c14bb-bfd8-401f-8f27-03be2ba34685}</UniqueIdentifier>
    </Filter>
    <Filter Include="Header Files\models">
      <UniqueIdentifier>{073bf26b-f23f-4379-a4f0-ebd33b44b888}</UniqueIdentifier>
    </Filter>
    <Filter Include="Header Files\SocPlatform">
      <UniqueIdentifier>{a3242f69-daa8-447c-ba0d-a939ac452a9f}</UniqueIdentifier>
    </Filter>
    <Filter Include="Header Files\test">
      <UniqueIdentifier>{b29b1f2a-63ed-42c0-bd14-dbe1d12f1b6b}</UniqueIdentifier>
    </Filter>
    <Filter Include="Header Files\test\01_bus">
      <UniqueIdentifier>{8d93e463-e43a-4624-9d3e-3fd5163383f3}</UniqueIdentifier>
    </Filter>
    <Filter Include="Header Files\test\02_dmac">
      <UniqueIdentifier>{4db7c4a5-b1d8-403f-a7ab-2f09a8a4849c}</UniqueIdentifier>
    </Filter>
    <Filter Include="Source Files\models">
      <UniqueIdentifier>{40f5a126-7ed4-4d52-ae92-fc1e922ff195}</UniqueIdentifier>
    </Filter>
    <Filter Include="Header Files\models\Adder">
      <UniqueIdentifier>{50f75197-ae54-43d0-88bb-7b8c13d58bea}</UniqueIdentifier>
    </Filter>
    <Filter Include="Source Files\models\Adder">
      <UniqueIdentifier>{b5e46070-14c1-4b98-9b49-9bb8a80210e0}</UniqueIdentifier>
    </Filter>
    <Filter Include="Header Files\test\03_Adder">
      <UniqueIdentifier>{bc78c25d-5afc-4291-9590-d6a09203cbc9}</UniqueIdentifier>
    </Filter>
    <Filter Include="Header Files\models\Counter">
      <UniqueIdentifier>{16f0e039-64e9-4dde-861b-ecdf3dc58e14}</UniqueIdentifier>
    </Filter>
    <Filter Include="Source Files\models\Counter">
      <UniqueIdentifier>{2b2e65eb-2e03-49fa-867b-81a4c2bee214}</UniqueIdentifier>
    </Filter>
    <Filter Include="Header Files\test\04_Counter">
      <UniqueIdentifier>{c6e7e202-fa64-4561-b6a4-efd03ed2a248}</UniqueIdentifier>
    </Filter>
  </ItemGroup>
  <ItemGroup>
    <ClCompile Include="Test\01_Bus\tp_01_01.h">
      <Filter>Header Files\test\01_bus</Filter>
    </ClCompile>
    <ClCompile Include="Test\02_Dmac\tp_02_01.h">
      <Filter>Header Files\test\02_dmac</Filter>
    </ClCompile>
    <ClCompile Include="main\main.cpp">
      <Filter>Source Files</Filter>
    </ClCompile>
    <ClCompile Include="models\Adder\src\full_adder_full_adder.cpp">
      <Filter>Source Files\models\Adder</Filter>
    </ClCompile>
    <ClCompile Include="models\Counter\src\counter_counter.cpp">
      <Filter>Source Files\models\Counter</Filter>
    </ClCompile>
  </ItemGroup>
  <ItemGroup>
    <ClInclude Include="common\target.h">
      <Filter>Header Files\common</Filter>
    </ClInclude>
    <ClInclude Include="common\Registerif.h">
      <Filter>Header Files\common</Filter>
    </ClInclude>
    <ClInclude Include="common\memory.h">
      <Filter>Header Files\common</Filter>
    </ClInclude>
    <ClInclude Include="common\DummySlave.h">
      <Filter>Header Files\common</Filter>
    </ClInclude>
    <ClInclude Include="common\DummyMaster.h">
      <Filter>Header Files\common</Filter>
    </ClInclude>
    <ClInclude Include="common\bus.h">
      <Filter>Header Files\common</Filter>
    </ClInclude>
    <ClInclude Include="common\DMAC.h">
      <Filter>Header Files\common</Filter>
    </ClInclude>
    <ClInclude Include="SocPlatform\top.h">
      <Filter>Header Files\SocPlatform</Filter>
    </ClInclude>
    <ClInclude Include="SocPlatform\IO.h">
      <Filter>Header Files\SocPlatform</Filter>
    </ClInclude>
    <ClInclude Include="Test\02_Dmac\tp_02_02.h">
      <Filter>Header Files\test\02_dmac</Filter>
    </ClInclude>
    <ClInclude Include="Test\TestList.h">
      <Filter>Header Files\test</Filter>
    </ClInclude>
    <ClInclude Include="Test\Register.h">
      <Filter>Header Files\test</Filter>
    </ClInclude>
    <ClInclude Include="models\Adder\inc\adder_four_bit_adder.h">
      <Filter>Header Files\models\Adder</Filter>
    </ClInclude>
    <ClInclude Include="models\Adder\inc\full_adder_full_adder.h">
      <Filter>Header Files\models\Adder</Filter>
    </ClInclude>
    <ClInclude Include="models\Adder\Adder_wrapper.h">
      <Filter>Header Files\models\Adder</Filter>
    </ClInclude>
    <ClInclude Include="Test\03_Adder\tp_03_01.h">
      <Filter>Header Files\test\03_Adder</Filter>
    </ClInclude>
    <ClInclude Include="models\Counter\Counter_wrapper.h">
      <Filter>Header Files\models\Counter</Filter>
    </ClInclude>
    <ClInclude Include="models\Counter\inc\counter_counter.h">
      <Filter>Header Files\models\Counter</Filter>
    </ClInclude>
    <ClInclude Include="Test\04_Counter\tp_04_01.h">
      <Filter>Header Files\test\04_Counter</Filter>
    </ClInclude>
  </ItemGroup>
</Project>